{
  "version": 4,
  "terraform_version": "1.2.5",
  "serial": 2,
  "lineage": "8a8ab2b1-dcca-c4d4-7ae7-76c563b73bf5",
  "outputs": {
    "project": {
      "value": {
        "etag": "BwXkNZwCYz0=",
        "id": "nice-unison-356709/roles/compute.networkAdmin/user:nilamk.negi@gmail.com",
        "member": "user:nilamk.negi@gmail.com",
        "project": "nice-unison-356709",
        "role": "roles/compute.networkAdmin"
      },
      "type": [
        "object",
        {
          "etag": "string",
          "id": "string",
          "member": "string",
          "project": "string",
          "role": "string"
        }
      ]
    }
  },
  "resources": [
    {
      "module": "module.gcp_iam_assign_project_role",
      "mode": "managed",
      "type": "google_project_iam_member",
      "name": "project_iam",
      "provider": "provider[\"registry.terraform.io/hashicorp/google\"]",
      "instances": [
        {
          "schema_version": 0,
          "attributes": {
            "etag": "BwXkNZwCYz0=",
            "id": "nice-unison-356709/roles/compute.networkAdmin/user:nilamk.negi@gmail.com",
            "member": "user:nilamk.negi@gmail.com",
            "project": "nice-unison-356709",
            "role": "roles/compute.networkAdmin"
          },
          "sensitive_attributes": [],
          "private": "bnVsbA=="
        }
      ]
    }
  ]
}
