{
  "version": 4,
  "terraform_version": "1.2.5",
  "serial": 36,
  "lineage": "71998deb-2f24-f240-a8aa-239a09775645",
  "outputs": {
    "role_id": {
      "value": {
        "deleted": false,
        "description": "Description for custom role",
        "id": "projects/nice-unison-356709/roles/customRole",
        "permissions": [
          "cloudkms.cryptoKeyVersions.useToEncrypt",
          "compute.instances.create",
          "compute.instances.delete",
          "storage.objects.create"
        ],
        "project": "nice-unison-356709",
        "role_id": "customRole",
        "stage": "GA",
        "title": "Title for custom role"
      },
      "type": [
        "object",
        {
          "deleted": "bool",
          "description": "string",
          "id": "string",
          "permissions": [
            "set",
            "string"
          ],
          "project": "string",
          "role_id": "string",
          "stage": "string",
          "title": "string"
        }
      ]
    }
  },
  "resources": [
    {
      "module": "module.gcp_iam_custom_project_role",
      "mode": "managed",
      "type": "google_project_iam_custom_role",
      "name": "custom-project-role",
      "provider": "provider[\"registry.terraform.io/hashicorp/google\"]",
      "instances": [
        {
          "schema_version": 0,
          "attributes": {
            "deleted": false,
            "description": "Description for custom role",
            "id": "projects/nice-unison-356709/roles/customRole",
            "permissions": [
              "cloudkms.cryptoKeyVersions.useToEncrypt",
              "compute.instances.create",
              "compute.instances.delete",
              "storage.objects.create"
            ],
            "project": "nice-unison-356709",
            "role_id": "customRole",
            "stage": "GA",
            "title": "Title for custom role"
          },
          "sensitive_attributes": [],
          "private": "bnVsbA=="
        }
      ]
    },
    {
      "module": "module.gcp_iam_custom_project_role",
      "mode": "managed",
      "type": "google_project_iam_member",
      "name": "custom_role_member",
      "provider": "provider[\"registry.terraform.io/hashicorp/google\"]",
      "instances": [
        {
          "schema_version": 0,
          "attributes": {
            "etag": "BwXkJX9SBz4=",
            "id": "nice-unison-356709/projects/nice-unison-356709/roles/customRole/user:nilamk.negi@gmail.com",
            "member": "user:nilamk.negi@gmail.com",
            "project": "nice-unison-356709",
            "role": "projects/nice-unison-356709/roles/customRole"
          },
          "sensitive_attributes": [],
          "private": "bnVsbA==",
          "dependencies": [
            "module.gcp_iam_custom_project_role.google_project_iam_custom_role.custom-project-role"
          ]
        }
      ]
    }
  ]
}
